<?xml version="1.0" encoding="UTF-8" standalone="yes" ?>
<CodeBlocks_project_file>
	<FileVersion major="1" minor="6" />
	<Project>
		<Option title="SM2OBJ" />
		<Option pch_mode="2" />
		<Option compiler="gcc" />
		<Build>
			<Target title="Debug">
				<Option output="release/SM2OBJ" prefix_auto="1" extension_auto="1" />
				<Option working_dir="release/" />
				<Option object_output="objects/debug/" />
				<Option type="1" />
				<Option compiler="gcc" />
				<Compiler>
					<Add option="-g" />
					<Add option="-std=c++11" />
					<Add directory="third-party-libs/FragmentFramework/include" />
					<Add directory="third-party-libs/zlib/include" />
				</Compiler>
				<Linker>
					<Add library="FragmentFramework" />
					<Add directory="third-party-libs/FragmentFramework/lib/mingw" />
					<Add directory="third-party-libs/zlib/include/lib" />
				</Linker>
			</Target>
			<Target title="Release">
				<Option output="release/SM2OBJ" prefix_auto="1" extension_auto="1" />
				<Option object_output="objects/release/" />
				<Option type="0" />
				<Option compiler="gcc" />
				<Compiler>
					<Add option="-O2" />
					<Add option="-std=c++11" />
					<Add directory="third-party-libs/FragmentFramework/include" />
					<Add directory="third-party-libs/zlib/include" />
				</Compiler>
				<Linker>
					<Add option="-s" />
					<Add library="FragmentFramework" />
					<Add directory="third-party-libs/FragmentFramework/lib/mingw" />
					<Add directory="third-party-libs/zlib/include/lib" />
				</Linker>
			</Target>
		</Build>
		<Compiler>
			<Add option="-Wall" />
		</Compiler>
		<Linker>
			<Add library="gdi32" />
			<Add library="user32" />
			<Add library="kernel32" />
			<Add library="comctl32" />
		</Linker>
		<Unit filename="resources/resources.rc">
			<Option compilerVar="WINDRES" />
		</Unit>
		<Unit filename="source/defaults.cpp" />
		<Unit filename="source/defaults.h" />
		<Unit filename="source/exporter/blockConfig.cpp" />
		<Unit filename="source/exporter/blockConfig.h" />
		<Unit filename="source/exporter/blockConstructor.cpp" />
		<Unit filename="source/exporter/blockConstructor.h" />
		<Unit filename="source/exporter/blockExtractor.cpp" />
		<Unit filename="source/exporter/blockExtractor.h" />
		<Unit filename="source/exporter/blockVerticeData.cpp" />
		<Unit filename="source/exporter/blockVerticeData.h" />
		<Unit filename="source/exporter/chunkHeader.cpp" />
		<Unit filename="source/exporter/chunkHeader.h" />
		<Unit filename="source/exporter/chunkLoader.cpp" />
		<Unit filename="source/exporter/chunkLoader.h" />
		<Unit filename="source/exporter/chunkTempLoader.cpp" />
		<Unit filename="source/exporter/chunkTempLoader.h" />
		<Unit filename="source/exporter/config.cpp" />
		<Unit filename="source/exporter/config.h" />
		<Unit filename="source/exporter/constants.h" />
		<Unit filename="source/exporter/exportBlueprint.cpp" />
		<Unit filename="source/exporter/exportBlueprint.h" />
		<Unit filename="source/exporter/loadMeta.cpp" />
		<Unit filename="source/exporter/loadMeta.h" />
		<Unit filename="source/exporter/materialExport.cpp" />
		<Unit filename="source/exporter/materialExport.h" />
		<Unit filename="source/exporter/polygonFiltering.cpp" />
		<Unit filename="source/exporter/polygonFiltering.h" />
		<Unit filename="source/exporter/structures.h" />
		<Unit filename="source/exporter/textureExport.cpp" />
		<Unit filename="source/exporter/textureExport.h" />
		<Unit filename="source/main.cpp" />
		<Unit filename="source/widgets.cpp" />
		<Unit filename="source/widgets.h" />
		<Unit filename="source/window.cpp" />
		<Unit filename="source/window.h" />
		<Extensions>
			<code_completion />
			<envvars />
			<debugger />
		</Extensions>
	</Project>
</CodeBlocks_project_file>
